
Microsoft Visual Studio Solution File, Format Version 12.00
# Visual Studio Version 17
VisualStudioVersion = 17.8.34601.278
MinimumVisualStudioVersion = 10.0.40219.1
Project("{FAE04EC0-301F-11D3-BF4B-00C04F79EFBC}") = "Progra5Jaz", "Progra5Jaz\Progra5Jaz.csproj", "{257CC308-77C2-4CC6-A209-8B6D0749E45C}"
EndProject
Global
	GlobalSection(SolutionConfigurationPlatforms) = preSolution
		Debug|Any CPU = Debug|Any CPU
		Release|Any CPU = Release|Any CPU
	EndGlobalSection
	GlobalSection(ProjectConfigurationPlatforms) = postSolution
		{257CC308-77C2-4CC6-A209-8B6D0749E45C}.Debug|Any CPU.ActiveCfg = Debug|Any CPU
		{257CC308-77C2-4CC6-A209-8B6D0749E45C}.Debug|Any CPU.Build.0 = Debug|Any CPU
		{257CC308-77C2-4CC6-A209-8B6D0749E45C}.Release|Any CPU.ActiveCfg = Release|Any CPU
		{257CC308-77C2-4CC6-A209-8B6D0749E45C}.Release|Any CPU.Build.0 = Release|Any CPU
	EndGlobalSection
	GlobalSection(SolutionProperties) = preSolution
		HideSolutionNode = FALSE
	EndGlobalSection
	GlobalSection(ExtensibilityGlobals) = postSolution
		SolutionGuid = {FE39E040-1E2C-41C1-9E19-A1719B0D4BF6}
	EndGlobalSection
EndGlobal
